
Microsoft Visual Studio Solution File, Format Version 12.00
# Visual Studio Version 17
VisualStudioVersion = 17.14.36623.8 d17.14
MinimumVisualStudioVersion = 10.0.40219.1
Project("{FAE04EC0-301F-11D3-BF4B-00C04F79EFBC}") = "Femira", "Femira\Femira.csproj", "{64A38F76-C91F-4297-9100-C16167EB3A19}"
EndProject
Project("{FAE04EC0-301F-11D3-BF4B-00C04F79EFBC}") = "Femira.api", "Femira.api\Femira.api.csproj", "{7440E2FB-B405-4C4F-82AD-7CB4E3609847}"
EndProject
Project("{FAE04EC0-301F-11D3-BF4B-00C04F79EFBC}") = "Femira.Shared", "Femira.Shared\Femira.Shared.csproj", "{EF6C910D-A7E7-46FB-9594-3907F3782E5D}"
EndProject
Global
	GlobalSection(SolutionConfigurationPlatforms) = preSolution
		Debug|Any CPU = Debug|Any CPU
		Release|Any CPU = Release|Any CPU
	EndGlobalSection
	GlobalSection(ProjectConfigurationPlatforms) = postSolution
		{64A38F76-C91F-4297-9100-C16167EB3A19}.Debug|Any CPU.ActiveCfg = Debug|Any CPU
		{64A38F76-C91F-4297-9100-C16167EB3A19}.Debug|Any CPU.Build.0 = Debug|Any CPU
		{64A38F76-C91F-4297-9100-C16167EB3A19}.Debug|Any CPU.Deploy.0 = Debug|Any CPU
		{64A38F76-C91F-4297-9100-C16167EB3A19}.Release|Any CPU.ActiveCfg = Release|Any CPU
		{64A38F76-C91F-4297-9100-C16167EB3A19}.Release|Any CPU.Build.0 = Release|Any CPU
		{7440E2FB-B405-4C4F-82AD-7CB4E3609847}.Debug|Any CPU.ActiveCfg = Debug|Any CPU
		{7440E2FB-B405-4C4F-82AD-7CB4E3609847}.Debug|Any CPU.Build.0 = Debug|Any CPU
		{7440E2FB-B405-4C4F-82AD-7CB4E3609847}.Release|Any CPU.ActiveCfg = Release|Any CPU
		{7440E2FB-B405-4C4F-82AD-7CB4E3609847}.Release|Any CPU.Build.0 = Release|Any CPU
		{EF6C910D-A7E7-46FB-9594-3907F3782E5D}.Debug|Any CPU.ActiveCfg = Debug|Any CPU
		{EF6C910D-A7E7-46FB-9594-3907F3782E5D}.Debug|Any CPU.Build.0 = Debug|Any CPU
		{EF6C910D-A7E7-46FB-9594-3907F3782E5D}.Release|Any CPU.ActiveCfg = Release|Any CPU
		{EF6C910D-A7E7-46FB-9594-3907F3782E5D}.Release|Any CPU.Build.0 = Release|Any CPU
	EndGlobalSection
	GlobalSection(SolutionProperties) = preSolution
		HideSolutionNode = FALSE
	EndGlobalSection
	GlobalSection(ExtensibilityGlobals) = postSolution
		SolutionGuid = {AC9B882B-92BE-431E-A707-574768BC4991}
	EndGlobalSection
EndGlobal
